{
    "_readme": [
        "This lock file was generated offline to avoid merge conflicts.",
        "Run \"composer update\" with internet access to refresh full dependency metadata before deploying."
    ],
    "content-hash": "429a2f14570f25a0fe09bf614fbd50dc994b1834f3892fbf943bcaedc9538982",
    "packages": [
        {
            "name": "laravel/framework",
            "version": "v11.0.0",
            "type": "metapackage",
            "description": "Placeholder for Laravel framework; update online to resolve full dependency graph."
        },
        {
            "name": "spatie/laravel-permission",
            "version": "v6.0.0",
            "type": "metapackage",
            "description": "Placeholder for Spatie role/permission package; refresh online for exact metadata."
        },
        {
            "name": "barryvdh/laravel-dompdf",
            "version": "v2.0.0",
            "type": "metapackage",
            "description": "Placeholder for DOMPDF integration; refresh online for exact metadata."
        }
    ],
    "packages-dev": [],
    "aliases": [],
    "minimum-stability": "stable",
    "stability-flags": [],
    "prefer-stable": false,
    "prefer-lowest": false,
    "platform": {
        "php": "^8.3"
    },
    "platform-dev": [],
    "plugin-api-version": "2.6.0"
}
