{
    "_readme": [
        "This lock file was generated in an offline environment to record required package names.",
        "Run \"composer update\" with internet access to refresh exact dependency metadata."
    ],
    "content-hash": "429a2f14570f25a0fe09bf614fbd50dc994b1834f3892fbf943bcaedc9538982",
    "packages": [
        {
            "name": "laravel/framework",
            "version": "v11.0.0",
            "type": "metapackage",
            "description": "Offline placeholder entry for Laravel framework; run composer update to fetch full metadata."
        },
        {
            "name": "spatie/laravel-permission",
            "version": "v6.0.0",
            "type": "metapackage",
            "description": "Offline placeholder entry for Spatie role/permission package."
        },
        {
            "name": "barryvdh/laravel-dompdf",
            "version": "v2.0.0",
            "type": "metapackage",
            "description": "Offline placeholder entry for DOMPDF integration."
        }
    ],
    "packages-dev": [],
    "aliases": [],
    "minimum-stability": "stable",
    "stability-flags": [],
    "prefer-stable": false,
    "prefer-lowest": false,
    "platform": {
        "php": "^8.3"
    },
    "platform-dev": [],
    "plugin-api-version": "2.6.0"
}
